// !$*UTF8*$!
{
	archiveVersion = 1;
	classes = {
	};
	objectVersion = 56;
	objects = {

/* Begin PBXBuildFile section */
		1D3D31DA29B7AF10003D780B /* TabBarViewController.swift in Sources */ = {isa = PBXBuildFile; fileRef = 1D3D31D929B7AF10003D780B /* TabBarViewController.swift */; };
		1D3D31DD29B7AF7D003D780B /* TabBarCoordinator.swift in Sources */ = {isa = PBXBuildFile; fileRef = 1D3D31DC29B7AF7D003D780B /* TabBarCoordinator.swift */; };
		1D3D31E629B7B103003D780B /* Coordinator.swift in Sources */ = {isa = PBXBuildFile; fileRef = 1D3D31E529B7B103003D780B /* Coordinator.swift */; };
		1D3D31E929B7B16F003D780B /* CharacterViewController.swift in Sources */ = {isa = PBXBuildFile; fileRef = 1D3D31E829B7B16F003D780B /* CharacterViewController.swift */; };
		1D3D31F029B7B200003D780B /* EpisodeViewController.swift in Sources */ = {isa = PBXBuildFile; fileRef = 1D3D31EF29B7B200003D780B /* EpisodeViewController.swift */; };
		1D3D31F229B7B20B003D780B /* LocationViewController.swift in Sources */ = {isa = PBXBuildFile; fileRef = 1D3D31F129B7B20B003D780B /* LocationViewController.swift */; };
		1D3D31F529B7B343003D780B /* CharacterCoordinator.swift in Sources */ = {isa = PBXBuildFile; fileRef = 1D3D31F429B7B343003D780B /* CharacterCoordinator.swift */; };
		1D3D31FA29B7BEE8003D780B /* AppCoordinator.swift in Sources */ = {isa = PBXBuildFile; fileRef = 1D3D31F929B7BEE8003D780B /* AppCoordinator.swift */; };
		1D3D31FC29B7C0F3003D780B /* SettingsViewController.swift in Sources */ = {isa = PBXBuildFile; fileRef = 1D3D31FB29B7C0F3003D780B /* SettingsViewController.swift */; };
		1D3D320129B7C203003D780B /* LocationCoordinator.swift in Sources */ = {isa = PBXBuildFile; fileRef = 1D3D320029B7C203003D780B /* LocationCoordinator.swift */; };
		1D3D320529B7C5A9003D780B /* EpisodeCoordinator.swift in Sources */ = {isa = PBXBuildFile; fileRef = 1D3D320429B7C5A9003D780B /* EpisodeCoordinator.swift */; };
		1D3D320829B7C702003D780B /* SettingsCoordinator.swift in Sources */ = {isa = PBXBuildFile; fileRef = 1D3D320729B7C702003D780B /* SettingsCoordinator.swift */; };
		1D3D320D29B7C8CA003D780B /* APIService.swift in Sources */ = {isa = PBXBuildFile; fileRef = 1D3D320C29B7C8CA003D780B /* APIService.swift */; };
		1D3D321129B7C8EE003D780B /* APIRequest.swift in Sources */ = {isa = PBXBuildFile; fileRef = 1D3D321029B7C8EE003D780B /* APIRequest.swift */; };
		1D3D321329B7CA0E003D780B /* APIEndpoint.swift in Sources */ = {isa = PBXBuildFile; fileRef = 1D3D321229B7CA0E003D780B /* APIEndpoint.swift */; };
		1D3D321829B7CB15003D780B /* Character.swift in Sources */ = {isa = PBXBuildFile; fileRef = 1D3D321729B7CB15003D780B /* Character.swift */; };
		1D3D321A29B7CB2E003D780B /* Location.swift in Sources */ = {isa = PBXBuildFile; fileRef = 1D3D321929B7CB2E003D780B /* Location.swift */; };
		1D3D321D29B7CB43003D780B /* Episode.swift in Sources */ = {isa = PBXBuildFile; fileRef = 1D3D321C29B7CB43003D780B /* Episode.swift */; };
		1D3D321F29B7CC04003D780B /* Origin.swift in Sources */ = {isa = PBXBuildFile; fileRef = 1D3D321E29B7CC04003D780B /* Origin.swift */; };
		1D3D322129B7CC18003D780B /* Status.swift in Sources */ = {isa = PBXBuildFile; fileRef = 1D3D322029B7CC18003D780B /* Status.swift */; };
		1D3D322329B7CC36003D780B /* SingleLocation.swift in Sources */ = {isa = PBXBuildFile; fileRef = 1D3D322229B7CC36003D780B /* SingleLocation.swift */; };
		1D3D322529B7CCC2003D780B /* Gender.swift in Sources */ = {isa = PBXBuildFile; fileRef = 1D3D322429B7CCC2003D780B /* Gender.swift */; };
		1D3D322829B8BF68003D780B /* GetAllCharacterResponse.swift in Sources */ = {isa = PBXBuildFile; fileRef = 1D3D322729B8BF68003D780B /* GetAllCharacterResponse.swift */; };
		1D3D322B29B8C1BF003D780B /* CharacterListViewModel.swift in Sources */ = {isa = PBXBuildFile; fileRef = 1D3D322A29B8C1BF003D780B /* CharacterListViewModel.swift */; };
		1D3D323029B8C233003D780B /* CharacterListView.swift in Sources */ = {isa = PBXBuildFile; fileRef = 1D3D322F29B8C233003D780B /* CharacterListView.swift */; };
		1D43FCA829BA62AC00CF5672 /* CollectionListViewExtention.swift in Sources */ = {isa = PBXBuildFile; fileRef = 1D43FCA729BA62AC00CF5672 /* CollectionListViewExtention.swift */; };
		1D43FCAA29BA668600CF5672 /* CharacterDetailViewController.swift in Sources */ = {isa = PBXBuildFile; fileRef = 1D43FCA929BA668600CF5672 /* CharacterDetailViewController.swift */; };
		1D43FCAC29BA677300CF5672 /* CharacterDetailViewModel.swift in Sources */ = {isa = PBXBuildFile; fileRef = 1D43FCAB29BA677300CF5672 /* CharacterDetailViewModel.swift */; };
		1D43FCAE29BA6C7100CF5672 /* CharacterDetailCoordinator.swift in Sources */ = {isa = PBXBuildFile; fileRef = 1D43FCAD29BA6C7100CF5672 /* CharacterDetailCoordinator.swift */; };
		1D44EE0029B8FDEC004225B3 /* CharacterCollectionViewCell.swift in Sources */ = {isa = PBXBuildFile; fileRef = 1D44EDFF29B8FDEC004225B3 /* CharacterCollectionViewCell.swift */; };
		1D44EE0229B8FF4C004225B3 /* CharacterCollectionViewCellViewModel.swift in Sources */ = {isa = PBXBuildFile; fileRef = 1D44EE0129B8FF4C004225B3 /* CharacterCollectionViewCellViewModel.swift */; };
		1DA49EE229B7A2C20037D410 /* AppDelegate.swift in Sources */ = {isa = PBXBuildFile; fileRef = 1DA49EE129B7A2C20037D410 /* AppDelegate.swift */; };
		1DA49EE429B7A2C20037D410 /* SceneDelegate.swift in Sources */ = {isa = PBXBuildFile; fileRef = 1DA49EE329B7A2C20037D410 /* SceneDelegate.swift */; };
		1DA49EEB29B7A2C30037D410 /* Assets.xcassets in Resources */ = {isa = PBXBuildFile; fileRef = 1DA49EEA29B7A2C30037D410 /* Assets.xcassets */; };
		1DA49EEE29B7A2C30037D410 /* LaunchScreen.storyboard in Resources */ = {isa = PBXBuildFile; fileRef = 1DA49EEC29B7A2C30037D410 /* LaunchScreen.storyboard */; };
		9283B53E7D71447E8B30DE9F /* Pods_RickAndMorty.framework in Frameworks */ = {isa = PBXBuildFile; fileRef = D1A20B99EC40A50D38CB437B /* Pods_RickAndMorty.framework */; };
/* End PBXBuildFile section */

/* Begin PBXFileReference section */
		1D3D31D929B7AF10003D780B /* TabBarViewController.swift */ = {isa = PBXFileReference; lastKnownFileType = sourcecode.swift; path = TabBarViewController.swift; sourceTree = "<group>"; };
		1D3D31DC29B7AF7D003D780B /* TabBarCoordinator.swift */ = {isa = PBXFileReference; lastKnownFileType = sourcecode.swift; path = TabBarCoordinator.swift; sourceTree = "<group>"; };
		1D3D31E529B7B103003D780B /* Coordinator.swift */ = {isa = PBXFileReference; lastKnownFileType = sourcecode.swift; path = Coordinator.swift; sourceTree = "<group>"; };
		1D3D31E829B7B16F003D780B /* CharacterViewController.swift */ = {isa = PBXFileReference; lastKnownFileType = sourcecode.swift; path = CharacterViewController.swift; sourceTree = "<group>"; };
		1D3D31EF29B7B200003D780B /* EpisodeViewController.swift */ = {isa = PBXFileReference; lastKnownFileType = sourcecode.swift; path = EpisodeViewController.swift; sourceTree = "<group>"; };
		1D3D31F129B7B20B003D780B /* LocationViewController.swift */ = {isa = PBXFileReference; lastKnownFileType = sourcecode.swift; path = LocationViewController.swift; sourceTree = "<group>"; };
		1D3D31F429B7B343003D780B /* CharacterCoordinator.swift */ = {isa = PBXFileReference; lastKnownFileType = sourcecode.swift; path = CharacterCoordinator.swift; sourceTree = "<group>"; };
		1D3D31F929B7BEE8003D780B /* AppCoordinator.swift */ = {isa = PBXFileReference; lastKnownFileType = sourcecode.swift; path = AppCoordinator.swift; sourceTree = "<group>"; };
		1D3D31FB29B7C0F3003D780B /* SettingsViewController.swift */ = {isa = PBXFileReference; lastKnownFileType = sourcecode.swift; path = SettingsViewController.swift; sourceTree = "<group>"; };
		1D3D320029B7C203003D780B /* LocationCoordinator.swift */ = {isa = PBXFileReference; lastKnownFileType = sourcecode.swift; path = LocationCoordinator.swift; sourceTree = "<group>"; };
		1D3D320429B7C5A9003D780B /* EpisodeCoordinator.swift */ = {isa = PBXFileReference; lastKnownFileType = sourcecode.swift; path = EpisodeCoordinator.swift; sourceTree = "<group>"; };
		1D3D320729B7C702003D780B /* SettingsCoordinator.swift */ = {isa = PBXFileReference; lastKnownFileType = sourcecode.swift; path = SettingsCoordinator.swift; sourceTree = "<group>"; };
		1D3D320C29B7C8CA003D780B /* APIService.swift */ = {isa = PBXFileReference; lastKnownFileType = sourcecode.swift; path = APIService.swift; sourceTree = "<group>"; };
		1D3D321029B7C8EE003D780B /* APIRequest.swift */ = {isa = PBXFileReference; lastKnownFileType = sourcecode.swift; path = APIRequest.swift; sourceTree = "<group>"; };
		1D3D321229B7CA0E003D780B /* APIEndpoint.swift */ = {isa = PBXFileReference; lastKnownFileType = sourcecode.swift; path = APIEndpoint.swift; sourceTree = "<group>"; };
		1D3D321729B7CB15003D780B /* Character.swift */ = {isa = PBXFileReference; lastKnownFileType = sourcecode.swift; path = Character.swift; sourceTree = "<group>"; };
		1D3D321929B7CB2E003D780B /* Location.swift */ = {isa = PBXFileReference; lastKnownFileType = sourcecode.swift; path = Location.swift; sourceTree = "<group>"; };
		1D3D321C29B7CB43003D780B /* Episode.swift */ = {isa = PBXFileReference; lastKnownFileType = sourcecode.swift; path = Episode.swift; sourceTree = "<group>"; };
		1D3D321E29B7CC04003D780B /* Origin.swift */ = {isa = PBXFileReference; lastKnownFileType = sourcecode.swift; path = Origin.swift; sourceTree = "<group>"; };
		1D3D322029B7CC18003D780B /* Status.swift */ = {isa = PBXFileReference; lastKnownFileType = sourcecode.swift; path = Status.swift; sourceTree = "<group>"; };
		1D3D322229B7CC36003D780B /* SingleLocation.swift */ = {isa = PBXFileReference; lastKnownFileType = sourcecode.swift; path = SingleLocation.swift; sourceTree = "<group>"; };
		1D3D322429B7CCC2003D780B /* Gender.swift */ = {isa = PBXFileReference; lastKnownFileType = sourcecode.swift; path = Gender.swift; sourceTree = "<group>"; };
		1D3D322729B8BF68003D780B /* GetAllCharacterResponse.swift */ = {isa = PBXFileReference; lastKnownFileType = sourcecode.swift; path = GetAllCharacterResponse.swift; sourceTree = "<group>"; };
		1D3D322A29B8C1BF003D780B /* CharacterListViewModel.swift */ = {isa = PBXFileReference; lastKnownFileType = sourcecode.swift; path = CharacterListViewModel.swift; sourceTree = "<group>"; };
		1D3D322F29B8C233003D780B /* CharacterListView.swift */ = {isa = PBXFileReference; lastKnownFileType = sourcecode.swift; path = CharacterListView.swift; sourceTree = "<group>"; };
		1D43FCA729BA62AC00CF5672 /* CollectionListViewExtention.swift */ = {isa = PBXFileReference; lastKnownFileType = sourcecode.swift; path = CollectionListViewExtention.swift; sourceTree = "<group>"; };
		1D43FCA929BA668600CF5672 /* CharacterDetailViewController.swift */ = {isa = PBXFileReference; lastKnownFileType = sourcecode.swift; path = CharacterDetailViewController.swift; sourceTree = "<group>"; };
		1D43FCAB29BA677300CF5672 /* CharacterDetailViewModel.swift */ = {isa = PBXFileReference; lastKnownFileType = sourcecode.swift; path = CharacterDetailViewModel.swift; sourceTree = "<group>"; };
		1D43FCAD29BA6C7100CF5672 /* CharacterDetailCoordinator.swift */ = {isa = PBXFileReference; lastKnownFileType = sourcecode.swift; path = CharacterDetailCoordinator.swift; sourceTree = "<group>"; };
		1D44EDFF29B8FDEC004225B3 /* CharacterCollectionViewCell.swift */ = {isa = PBXFileReference; lastKnownFileType = sourcecode.swift; path = CharacterCollectionViewCell.swift; sourceTree = "<group>"; };
		1D44EE0129B8FF4C004225B3 /* CharacterCollectionViewCellViewModel.swift */ = {isa = PBXFileReference; lastKnownFileType = sourcecode.swift; path = CharacterCollectionViewCellViewModel.swift; sourceTree = "<group>"; };
		1DA49EDE29B7A2C20037D410 /* RickAndMorty.app */ = {isa = PBXFileReference; explicitFileType = wrapper.application; includeInIndex = 0; path = RickAndMorty.app; sourceTree = BUILT_PRODUCTS_DIR; };
		1DA49EE129B7A2C20037D410 /* AppDelegate.swift */ = {isa = PBXFileReference; lastKnownFileType = sourcecode.swift; path = AppDelegate.swift; sourceTree = "<group>"; };
		1DA49EE329B7A2C20037D410 /* SceneDelegate.swift */ = {isa = PBXFileReference; lastKnownFileType = sourcecode.swift; path = SceneDelegate.swift; sourceTree = "<group>"; };
		1DA49EEA29B7A2C30037D410 /* Assets.xcassets */ = {isa = PBXFileReference; lastKnownFileType = folder.assetcatalog; path = Assets.xcassets; sourceTree = "<group>"; };
		1DA49EED29B7A2C30037D410 /* Base */ = {isa = PBXFileReference; lastKnownFileType = file.storyboard; name = Base; path = Base.lproj/LaunchScreen.storyboard; sourceTree = "<group>"; };
		1DA49EEF29B7A2C30037D410 /* Info.plist */ = {isa = PBXFileReference; lastKnownFileType = text.plist.xml; path = Info.plist; sourceTree = "<group>"; };
		D1A20B99EC40A50D38CB437B /* Pods_RickAndMorty.framework */ = {isa = PBXFileReference; explicitFileType = wrapper.framework; includeInIndex = 0; path = Pods_RickAndMorty.framework; sourceTree = BUILT_PRODUCTS_DIR; };
		D3C4B87AD2C989877C6CD7A2 /* Pods-RickAndMorty.release.xcconfig */ = {isa = PBXFileReference; includeInIndex = 1; lastKnownFileType = text.xcconfig; name = "Pods-RickAndMorty.release.xcconfig"; path = "Target Support Files/Pods-RickAndMorty/Pods-RickAndMorty.release.xcconfig"; sourceTree = "<group>"; };
		E32AABD8F48AEADDC269DB25 /* Pods-RickAndMorty.debug.xcconfig */ = {isa = PBXFileReference; includeInIndex = 1; lastKnownFileType = text.xcconfig; name = "Pods-RickAndMorty.debug.xcconfig"; path = "Target Support Files/Pods-RickAndMorty/Pods-RickAndMorty.debug.xcconfig"; sourceTree = "<group>"; };
/* End PBXFileReference section */

/* Begin PBXFrameworksBuildPhase section */
		1DA49EDB29B7A2C20037D410 /* Frameworks */ = {
			isa = PBXFrameworksBuildPhase;
			buildActionMask = 2147483647;
			files = (
				9283B53E7D71447E8B30DE9F /* Pods_RickAndMorty.framework in Frameworks */,
			);
			runOnlyForDeploymentPostprocessing = 0;
		};
/* End PBXFrameworksBuildPhase section */

/* Begin PBXGroup section */
		1D3D31D629B7A91B003D780B /* Presentation Layer */ = {
			isa = PBXGroup;
			children = (
				1D3D31D729B7A92B003D780B /* TabBar */,
				1D3D31E729B7B135003D780B /* Character */,
				1D3D31EA29B7B1D0003D780B /* Location Service */,
				1D3D31EC29B7B1E9003D780B /* Settings */,
				1D3D31EB29B7B1E0003D780B /* Episodes */,
			);
			path = "Presentation Layer";
			sourceTree = "<group>";
		};
		1D3D31D729B7A92B003D780B /* TabBar */ = {
			isa = PBXGroup;
			children = (
				1D3D31DB29B7AF60003D780B /* Coordinator */,
				1D3D31F829B7B572003D780B /* View */,
			);
			path = TabBar;
			sourceTree = "<group>";
		};
		1D3D31DB29B7AF60003D780B /* Coordinator */ = {
			isa = PBXGroup;
			children = (
				1D3D31DC29B7AF7D003D780B /* TabBarCoordinator.swift */,
			);
			path = Coordinator;
			sourceTree = "<group>";
		};
		1D3D31DE29B7AFD5003D780B /* Application Layer */ = {
			isa = PBXGroup;
			children = (
				1D3D31E329B7B083003D780B /* App Coordinator */,
				1D3D320A29B7C7D8003D780B /* Protocols */,
				1DA49EEC29B7A2C30037D410 /* LaunchScreen.storyboard */,
				1DA49EE329B7A2C20037D410 /* SceneDelegate.swift */,
				1DA49EE129B7A2C20037D410 /* AppDelegate.swift */,
			);
			path = "Application Layer";
			sourceTree = "<group>";
		};
		1D3D31E329B7B083003D780B /* App Coordinator */ = {
			isa = PBXGroup;
			children = (
				1D3D31F929B7BEE8003D780B /* AppCoordinator.swift */,
			);
			path = "App Coordinator";
			sourceTree = "<group>";
		};
		1D3D31E729B7B135003D780B /* Character */ = {
			isa = PBXGroup;
			children = (
				1D3D31F329B7B327003D780B /* Coordinator */,
				1D43FCA629BA626200CF5672 /* Controller */,
				1D3D322929B8C1B0003D780B /* ViewModel */,
				1D3D31FD29B7C1D7003D780B /* View */,
			);
			path = Character;
			sourceTree = "<group>";
		};
		1D3D31EA29B7B1D0003D780B /* Location Service */ = {
			isa = PBXGroup;
			children = (
				1D3D31FE29B7C1DF003D780B /* Coordinator */,
				1D3D31FF29B7C1E6003D780B /* View */,
			);
			path = "Location Service";
			sourceTree = "<group>";
		};
		1D3D31EB29B7B1E0003D780B /* Episodes */ = {
			isa = PBXGroup;
			children = (
				1D3D320329B7C593003D780B /* Coordinator */,
				1D3D320229B7C58C003D780B /* View */,
			);
			path = Episodes;
			sourceTree = "<group>";
		};
		1D3D31EC29B7B1E9003D780B /* Settings */ = {
			isa = PBXGroup;
			children = (
				1D3D320929B7C747003D780B /* View */,
				1D3D320629B7C6EF003D780B /* Coordinator */,
			);
			path = Settings;
			sourceTree = "<group>";
		};
		1D3D31F329B7B327003D780B /* Coordinator */ = {
			isa = PBXGroup;
			children = (
				1D3D31F429B7B343003D780B /* CharacterCoordinator.swift */,
				1D43FCAD29BA6C7100CF5672 /* CharacterDetailCoordinator.swift */,
			);
			path = Coordinator;
			sourceTree = "<group>";
		};
		1D3D31F829B7B572003D780B /* View */ = {
			isa = PBXGroup;
			children = (
				1D3D31D929B7AF10003D780B /* TabBarViewController.swift */,
			);
			path = View;
			sourceTree = "<group>";
		};
		1D3D31FD29B7C1D7003D780B /* View */ = {
			isa = PBXGroup;
			children = (
				1D44EDFE29B8FDCB004225B3 /* Cells */,
				1D3D322F29B8C233003D780B /* CharacterListView.swift */,
				1D43FCA729BA62AC00CF5672 /* CollectionListViewExtention.swift */,
			);
			path = View;
			sourceTree = "<group>";
		};
		1D3D31FE29B7C1DF003D780B /* Coordinator */ = {
			isa = PBXGroup;
			children = (
				1D3D320029B7C203003D780B /* LocationCoordinator.swift */,
			);
			path = Coordinator;
			sourceTree = "<group>";
		};
		1D3D31FF29B7C1E6003D780B /* View */ = {
			isa = PBXGroup;
			children = (
				1D3D31F129B7B20B003D780B /* LocationViewController.swift */,
			);
			path = View;
			sourceTree = "<group>";
		};
		1D3D320229B7C58C003D780B /* View */ = {
			isa = PBXGroup;
			children = (
				1D3D31EF29B7B200003D780B /* EpisodeViewController.swift */,
			);
			path = View;
			sourceTree = "<group>";
		};
		1D3D320329B7C593003D780B /* Coordinator */ = {
			isa = PBXGroup;
			children = (
				1D3D320429B7C5A9003D780B /* EpisodeCoordinator.swift */,
			);
			path = Coordinator;
			sourceTree = "<group>";
		};
		1D3D320629B7C6EF003D780B /* Coordinator */ = {
			isa = PBXGroup;
			children = (
				1D3D320729B7C702003D780B /* SettingsCoordinator.swift */,
			);
			path = Coordinator;
			sourceTree = "<group>";
		};
		1D3D320929B7C747003D780B /* View */ = {
			isa = PBXGroup;
			children = (
				1D3D31FB29B7C0F3003D780B /* SettingsViewController.swift */,
			);
			path = View;
			sourceTree = "<group>";
		};
		1D3D320A29B7C7D8003D780B /* Protocols */ = {
			isa = PBXGroup;
			children = (
				1D3D31E529B7B103003D780B /* Coordinator.swift */,
			);
			path = Protocols;
			sourceTree = "<group>";
		};
		1D3D320B29B7C8A1003D780B /* Network Layer */ = {
			isa = PBXGroup;
			children = (
				1D3D322629B8BF3B003D780B /* APIResponseTypes */,
				1D3D320C29B7C8CA003D780B /* APIService.swift */,
				1D3D321029B7C8EE003D780B /* APIRequest.swift */,
				1D3D321229B7CA0E003D780B /* APIEndpoint.swift */,
			);
			path = "Network Layer";
			sourceTree = "<group>";
		};
		1D3D321529B7CAFC003D780B /* Business Logic Layer */ = {
			isa = PBXGroup;
			children = (
				1D3D321629B7CB08003D780B /* Models */,
			);
			path = "Business Logic Layer";
			sourceTree = "<group>";
		};
		1D3D321629B7CB08003D780B /* Models */ = {
			isa = PBXGroup;
			children = (
				1D3D321729B7CB15003D780B /* Character.swift */,
				1D3D321929B7CB2E003D780B /* Location.swift */,
				1D3D321C29B7CB43003D780B /* Episode.swift */,
				1D3D321E29B7CC04003D780B /* Origin.swift */,
				1D3D322029B7CC18003D780B /* Status.swift */,
				1D3D322229B7CC36003D780B /* SingleLocation.swift */,
				1D3D322429B7CCC2003D780B /* Gender.swift */,
			);
			path = Models;
			sourceTree = "<group>";
		};
		1D3D322629B8BF3B003D780B /* APIResponseTypes */ = {
			isa = PBXGroup;
			children = (
				1D3D322729B8BF68003D780B /* GetAllCharacterResponse.swift */,
			);
			path = APIResponseTypes;
			sourceTree = "<group>";
		};
		1D3D322929B8C1B0003D780B /* ViewModel */ = {
			isa = PBXGroup;
			children = (
				1D3D322A29B8C1BF003D780B /* CharacterListViewModel.swift */,
				1D44EE0129B8FF4C004225B3 /* CharacterCollectionViewCellViewModel.swift */,
				1D43FCAB29BA677300CF5672 /* CharacterDetailViewModel.swift */,
			);
			path = ViewModel;
			sourceTree = "<group>";
		};
		1D43FCA629BA626200CF5672 /* Controller */ = {
			isa = PBXGroup;
			children = (
				1D3D31E829B7B16F003D780B /* CharacterViewController.swift */,
				1D43FCA929BA668600CF5672 /* CharacterDetailViewController.swift */,
			);
			path = Controller;
			sourceTree = "<group>";
		};
		1D44EDFE29B8FDCB004225B3 /* Cells */ = {
			isa = PBXGroup;
			children = (
				1D44EDFF29B8FDEC004225B3 /* CharacterCollectionViewCell.swift */,
			);
			path = Cells;
			sourceTree = "<group>";
		};
		1DA49ED529B7A2C20037D410 = {
			isa = PBXGroup;
			children = (
				1DA49EE029B7A2C20037D410 /* RickAndMorty */,
				1DA49EDF29B7A2C20037D410 /* Products */,
				57D0F48AF862C46A68236A55 /* Pods */,
				58C69FFA28A829DD8DE61C87 /* Frameworks */,
			);
			sourceTree = "<group>";
		};
		1DA49EDF29B7A2C20037D410 /* Products */ = {
			isa = PBXGroup;
			children = (
				1DA49EDE29B7A2C20037D410 /* RickAndMorty.app */,
			);
			name = Products;
			sourceTree = "<group>";
		};
		1DA49EE029B7A2C20037D410 /* RickAndMorty */ = {
			isa = PBXGroup;
			children = (
				1D3D31DE29B7AFD5003D780B /* Application Layer */,
				1D3D321529B7CAFC003D780B /* Business Logic Layer */,
				1D3D320B29B7C8A1003D780B /* Network Layer */,
				1D3D31D629B7A91B003D780B /* Presentation Layer */,
				1DA49EEA29B7A2C30037D410 /* Assets.xcassets */,
				1DA49EEF29B7A2C30037D410 /* Info.plist */,
			);
			path = RickAndMorty;
			sourceTree = "<group>";
		};
		57D0F48AF862C46A68236A55 /* Pods */ = {
			isa = PBXGroup;
			children = (
				E32AABD8F48AEADDC269DB25 /* Pods-RickAndMorty.debug.xcconfig */,
				D3C4B87AD2C989877C6CD7A2 /* Pods-RickAndMorty.release.xcconfig */,
			);
			path = Pods;
			sourceTree = "<group>";
		};
		58C69FFA28A829DD8DE61C87 /* Frameworks */ = {
			isa = PBXGroup;
			children = (
				D1A20B99EC40A50D38CB437B /* Pods_RickAndMorty.framework */,
			);
			name = Frameworks;
			sourceTree = "<group>";
		};
/* End PBXGroup section */

/* Begin PBXNativeTarget section */
		1DA49EDD29B7A2C20037D410 /* RickAndMorty */ = {
			isa = PBXNativeTarget;
			buildConfigurationList = 1DA49EF229B7A2C30037D410 /* Build configuration list for PBXNativeTarget "RickAndMorty" */;
			buildPhases = (
				4476D586B4734A8E23FACC23 /* [CP] Check Pods Manifest.lock */,
				1DA49EDA29B7A2C20037D410 /* Sources */,
				1DA49EDB29B7A2C20037D410 /* Frameworks */,
				1DA49EDC29B7A2C20037D410 /* Resources */,
				D4B8C983206BCEA9C1DEF246 /* [CP] Embed Pods Frameworks */,
			);
			buildRules = (
			);
			dependencies = (
			);
			name = RickAndMorty;
			productName = RickAndMorty;
			productReference = 1DA49EDE29B7A2C20037D410 /* RickAndMorty.app */;
			productType = "com.apple.product-type.application";
		};
/* End PBXNativeTarget section */

/* Begin PBXProject section */
		1DA49ED629B7A2C20037D410 /* Project object */ = {
			isa = PBXProject;
			attributes = {
				BuildIndependentTargetsInParallel = 1;
				LastSwiftUpdateCheck = 1420;
				LastUpgradeCheck = 1420;
				TargetAttributes = {
					1DA49EDD29B7A2C20037D410 = {
						CreatedOnToolsVersion = 14.2;
					};
				};
			};
			buildConfigurationList = 1DA49ED929B7A2C20037D410 /* Build configuration list for PBXProject "RickAndMorty" */;
			compatibilityVersion = "Xcode 14.0";
			developmentRegion = en;
			hasScannedForEncodings = 0;
			knownRegions = (
				en,
				Base,
			);
			mainGroup = 1DA49ED529B7A2C20037D410;
			productRefGroup = 1DA49EDF29B7A2C20037D410 /* Products */;
			projectDirPath = "";
			projectRoot = "";
			targets = (
				1DA49EDD29B7A2C20037D410 /* RickAndMorty */,
			);
		};
/* End PBXProject section */

/* Begin PBXResourcesBuildPhase section */
		1DA49EDC29B7A2C20037D410 /* Resources */ = {
			isa = PBXResourcesBuildPhase;
			buildActionMask = 2147483647;
			files = (
				1DA49EEE29B7A2C30037D410 /* LaunchScreen.storyboard in Resources */,
				1DA49EEB29B7A2C30037D410 /* Assets.xcassets in Resources */,
			);
			runOnlyForDeploymentPostprocessing = 0;
		};
/* End PBXResourcesBuildPhase section */

/* Begin PBXShellScriptBuildPhase section */
		4476D586B4734A8E23FACC23 /* [CP] Check Pods Manifest.lock */ = {
			isa = PBXShellScriptBuildPhase;
			buildActionMask = 2147483647;
			files = (
			);
			inputFileListPaths = (
			);
			inputPaths = (
				"${PODS_PODFILE_DIR_PATH}/Podfile.lock",
				"${PODS_ROOT}/Manifest.lock",
			);
			name = "[CP] Check Pods Manifest.lock";
			outputFileListPaths = (
			);
			outputPaths = (
				"$(DERIVED_FILE_DIR)/Pods-RickAndMorty-checkManifestLockResult.txt",
			);
			runOnlyForDeploymentPostprocessing = 0;
			shellPath = /bin/sh;
			shellScript = "diff \"${PODS_PODFILE_DIR_PATH}/Podfile.lock\" \"${PODS_ROOT}/Manifest.lock\" > /dev/null\nif [ $? != 0 ] ; then\n    # print error to STDERR\n    echo \"error: The sandbox is not in sync with the Podfile.lock. Run 'pod install' or update your CocoaPods installation.\" >&2\n    exit 1\nfi\n# This output is used by Xcode 'outputs' to avoid re-running this script phase.\necho \"SUCCESS\" > \"${SCRIPT_OUTPUT_FILE_0}\"\n";
			showEnvVarsInLog = 0;
		};
		D4B8C983206BCEA9C1DEF246 /* [CP] Embed Pods Frameworks */ = {
			isa = PBXShellScriptBuildPhase;
			buildActionMask = 2147483647;
			files = (
			);
			inputFileListPaths = (
				"${PODS_ROOT}/Target Support Files/Pods-RickAndMorty/Pods-RickAndMorty-frameworks-${CONFIGURATION}-input-files.xcfilelist",
			);
			name = "[CP] Embed Pods Frameworks";
			outputFileListPaths = (
				"${PODS_ROOT}/Target Support Files/Pods-RickAndMorty/Pods-RickAndMorty-frameworks-${CONFIGURATION}-output-files.xcfilelist",
			);
			runOnlyForDeploymentPostprocessing = 0;
			shellPath = /bin/sh;
			shellScript = "\"${PODS_ROOT}/Target Support Files/Pods-RickAndMorty/Pods-RickAndMorty-frameworks.sh\"\n";
			showEnvVarsInLog = 0;
		};
/* End PBXShellScriptBuildPhase section */

/* Begin PBXSourcesBuildPhase section */
		1DA49EDA29B7A2C20037D410 /* Sources */ = {
			isa = PBXSourcesBuildPhase;
			buildActionMask = 2147483647;
			files = (
				1D3D31E929B7B16F003D780B /* CharacterViewController.swift in Sources */,
				1D3D321329B7CA0E003D780B /* APIEndpoint.swift in Sources */,
				1D3D320D29B7C8CA003D780B /* APIService.swift in Sources */,
				1DA49EE229B7A2C20037D410 /* AppDelegate.swift in Sources */,
				1D3D31FC29B7C0F3003D780B /* SettingsViewController.swift in Sources */,
				1D43FCAC29BA677300CF5672 /* CharacterDetailViewModel.swift in Sources */,
				1D3D31FA29B7BEE8003D780B /* AppCoordinator.swift in Sources */,
				1D3D31F529B7B343003D780B /* CharacterCoordinator.swift in Sources */,
				1D3D320529B7C5A9003D780B /* EpisodeCoordinator.swift in Sources */,
				1D3D322B29B8C1BF003D780B /* CharacterListViewModel.swift in Sources */,
				1D3D320129B7C203003D780B /* LocationCoordinator.swift in Sources */,
				1D3D321829B7CB15003D780B /* Character.swift in Sources */,
				1D44EE0229B8FF4C004225B3 /* CharacterCollectionViewCellViewModel.swift in Sources */,
				1D3D31DA29B7AF10003D780B /* TabBarViewController.swift in Sources */,
				1D43FCA829BA62AC00CF5672 /* CollectionListViewExtention.swift in Sources */,
				1D3D31E629B7B103003D780B /* Coordinator.swift in Sources */,
				1D43FCAA29BA668600CF5672 /* CharacterDetailViewController.swift in Sources */,
				1D3D322529B7CCC2003D780B /* Gender.swift in Sources */,
				1D3D31DD29B7AF7D003D780B /* TabBarCoordinator.swift in Sources */,
				1D3D321D29B7CB43003D780B /* Episode.swift in Sources */,
				1D3D322829B8BF68003D780B /* GetAllCharacterResponse.swift in Sources */,
				1D3D31F229B7B20B003D780B /* LocationViewController.swift in Sources */,
				1D3D322129B7CC18003D780B /* Status.swift in Sources */,
				1D3D322329B7CC36003D780B /* SingleLocation.swift in Sources */,
				1D44EE0029B8FDEC004225B3 /* CharacterCollectionViewCell.swift in Sources */,
				1D43FCAE29BA6C7100CF5672 /* CharacterDetailCoordinator.swift in Sources */,
				1D3D321A29B7CB2E003D780B /* Location.swift in Sources */,
				1D3D323029B8C233003D780B /* CharacterListView.swift in Sources */,
				1D3D320829B7C702003D780B /* SettingsCoordinator.swift in Sources */,
				1D3D321129B7C8EE003D780B /* APIRequest.swift in Sources */,
				1DA49EE429B7A2C20037D410 /* SceneDelegate.swift in Sources */,
				1D3D31F029B7B200003D780B /* EpisodeViewController.swift in Sources */,
				1D3D321F29B7CC04003D780B /* Origin.swift in Sources */,
			);
			runOnlyForDeploymentPostprocessing = 0;
		};
/* End PBXSourcesBuildPhase section */

/* Begin PBXVariantGroup section */
		1DA49EEC29B7A2C30037D410 /* LaunchScreen.storyboard */ = {
			isa = PBXVariantGroup;
			children = (
				1DA49EED29B7A2C30037D410 /* Base */,
			);
			name = LaunchScreen.storyboard;
			sourceTree = "<group>";
		};
/* End PBXVariantGroup section */

/* Begin XCBuildConfiguration section */
		1DA49EF029B7A2C30037D410 /* Debug */ = {
			isa = XCBuildConfiguration;
			buildSettings = {
				ALWAYS_SEARCH_USER_PATHS = NO;
				CLANG_ANALYZER_NONNULL = YES;
				CLANG_ANALYZER_NUMBER_OBJECT_CONVERSION = YES_AGGRESSIVE;
				CLANG_CXX_LANGUAGE_STANDARD = "gnu++20";
				CLANG_ENABLE_MODULES = YES;
				CLANG_ENABLE_OBJC_ARC = YES;
				CLANG_ENABLE_OBJC_WEAK = YES;
				CLANG_WARN_BLOCK_CAPTURE_AUTORELEASING = YES;
				CLANG_WARN_BOOL_CONVERSION = YES;
				CLANG_WARN_COMMA = YES;
				CLANG_WARN_CONSTANT_CONVERSION = YES;
				CLANG_WARN_DEPRECATED_OBJC_IMPLEMENTATIONS = YES;
				CLANG_WARN_DIRECT_OBJC_ISA_USAGE = YES_ERROR;
				CLANG_WARN_DOCUMENTATION_COMMENTS = YES;
				CLANG_WARN_EMPTY_BODY = YES;
				CLANG_WARN_ENUM_CONVERSION = YES;
				CLANG_WARN_INFINITE_RECURSION = YES;
				CLANG_WARN_INT_CONVERSION = YES;
				CLANG_WARN_NON_LITERAL_NULL_CONVERSION = YES;
				CLANG_WARN_OBJC_IMPLICIT_RETAIN_SELF = YES;
				CLANG_WARN_OBJC_LITERAL_CONVERSION = YES;
				CLANG_WARN_OBJC_ROOT_CLASS = YES_ERROR;
				CLANG_WARN_QUOTED_INCLUDE_IN_FRAMEWORK_HEADER = YES;
				CLANG_WARN_RANGE_LOOP_ANALYSIS = YES;
				CLANG_WARN_STRICT_PROTOTYPES = YES;
				CLANG_WARN_SUSPICIOUS_MOVE = YES;
				CLANG_WARN_UNGUARDED_AVAILABILITY = YES_AGGRESSIVE;
				CLANG_WARN_UNREACHABLE_CODE = YES;
				CLANG_WARN__DUPLICATE_METHOD_MATCH = YES;
				COPY_PHASE_STRIP = NO;
				DEBUG_INFORMATION_FORMAT = dwarf;
				ENABLE_STRICT_OBJC_MSGSEND = YES;
				ENABLE_TESTABILITY = YES;
				GCC_C_LANGUAGE_STANDARD = gnu11;
				GCC_DYNAMIC_NO_PIC = NO;
				GCC_NO_COMMON_BLOCKS = YES;
				GCC_OPTIMIZATION_LEVEL = 0;
				GCC_PREPROCESSOR_DEFINITIONS = (
					"DEBUG=1",
					"$(inherited)",
				);
				GCC_WARN_64_TO_32_BIT_CONVERSION = YES;
				GCC_WARN_ABOUT_RETURN_TYPE = YES_ERROR;
				GCC_WARN_UNDECLARED_SELECTOR = YES;
				GCC_WARN_UNINITIALIZED_AUTOS = YES_AGGRESSIVE;
				GCC_WARN_UNUSED_FUNCTION = YES;
				GCC_WARN_UNUSED_VARIABLE = YES;
				IPHONEOS_DEPLOYMENT_TARGET = 16.2;
				MTL_ENABLE_DEBUG_INFO = INCLUDE_SOURCE;
				MTL_FAST_MATH = YES;
				ONLY_ACTIVE_ARCH = YES;
				SDKROOT = iphoneos;
				SWIFT_ACTIVE_COMPILATION_CONDITIONS = DEBUG;
				SWIFT_OPTIMIZATION_LEVEL = "-Onone";
			};
			name = Debug;
		};
		1DA49EF129B7A2C30037D410 /* Release */ = {
			isa = XCBuildConfiguration;
			buildSettings = {
				ALWAYS_SEARCH_USER_PATHS = NO;
				CLANG_ANALYZER_NONNULL = YES;
				CLANG_ANALYZER_NUMBER_OBJECT_CONVERSION = YES_AGGRESSIVE;
				CLANG_CXX_LANGUAGE_STANDARD = "gnu++20";
				CLANG_ENABLE_MODULES = YES;
				CLANG_ENABLE_OBJC_ARC = YES;
				CLANG_ENABLE_OBJC_WEAK = YES;
				CLANG_WARN_BLOCK_CAPTURE_AUTORELEASING = YES;
				CLANG_WARN_BOOL_CONVERSION = YES;
				CLANG_WARN_COMMA = YES;
				CLANG_WARN_CONSTANT_CONVERSION = YES;
				CLANG_WARN_DEPRECATED_OBJC_IMPLEMENTATIONS = YES;
				CLANG_WARN_DIRECT_OBJC_ISA_USAGE = YES_ERROR;
				CLANG_WARN_DOCUMENTATION_COMMENTS = YES;
				CLANG_WARN_EMPTY_BODY = YES;
				CLANG_WARN_ENUM_CONVERSION = YES;
				CLANG_WARN_INFINITE_RECURSION = YES;
				CLANG_WARN_INT_CONVERSION = YES;
				CLANG_WARN_NON_LITERAL_NULL_CONVERSION = YES;
				CLANG_WARN_OBJC_IMPLICIT_RETAIN_SELF = YES;
				CLANG_WARN_OBJC_LITERAL_CONVERSION = YES;
				CLANG_WARN_OBJC_ROOT_CLASS = YES_ERROR;
				CLANG_WARN_QUOTED_INCLUDE_IN_FRAMEWORK_HEADER = YES;
				CLANG_WARN_RANGE_LOOP_ANALYSIS = YES;
				CLANG_WARN_STRICT_PROTOTYPES = YES;
				CLANG_WARN_SUSPICIOUS_MOVE = YES;
				CLANG_WARN_UNGUARDED_AVAILABILITY = YES_AGGRESSIVE;
				CLANG_WARN_UNREACHABLE_CODE = YES;
				CLANG_WARN__DUPLICATE_METHOD_MATCH = YES;
				COPY_PHASE_STRIP = NO;
				DEBUG_INFORMATION_FORMAT = "dwarf-with-dsym";
				ENABLE_NS_ASSERTIONS = NO;
				ENABLE_STRICT_OBJC_MSGSEND = YES;
				GCC_C_LANGUAGE_STANDARD = gnu11;
				GCC_NO_COMMON_BLOCKS = YES;
				GCC_WARN_64_TO_32_BIT_CONVERSION = YES;
				GCC_WARN_ABOUT_RETURN_TYPE = YES_ERROR;
				GCC_WARN_UNDECLARED_SELECTOR = YES;
				GCC_WARN_UNINITIALIZED_AUTOS = YES_AGGRESSIVE;
				GCC_WARN_UNUSED_FUNCTION = YES;
				GCC_WARN_UNUSED_VARIABLE = YES;
				IPHONEOS_DEPLOYMENT_TARGET = 16.2;
				MTL_ENABLE_DEBUG_INFO = NO;
				MTL_FAST_MATH = YES;
				SDKROOT = iphoneos;
				SWIFT_COMPILATION_MODE = wholemodule;
				SWIFT_OPTIMIZATION_LEVEL = "-O";
				VALIDATE_PRODUCT = YES;
			};
			name = Release;
		};
		1DA49EF329B7A2C30037D410 /* Debug */ = {
			isa = XCBuildConfiguration;
			baseConfigurationReference = E32AABD8F48AEADDC269DB25 /* Pods-RickAndMorty.debug.xcconfig */;
			buildSettings = {
				ASSETCATALOG_COMPILER_APPICON_NAME = AppIcon;
				ASSETCATALOG_COMPILER_GLOBAL_ACCENT_COLOR_NAME = AccentColor;
				CODE_SIGN_STYLE = Automatic;
				CURRENT_PROJECT_VERSION = 1;
				DEVELOPMENT_TEAM = 85NV4V26D2;
				GENERATE_INFOPLIST_FILE = YES;
				INFOPLIST_FILE = RickAndMorty/Info.plist;
				INFOPLIST_KEY_UIApplicationSupportsIndirectInputEvents = YES;
				INFOPLIST_KEY_UILaunchStoryboardName = LaunchScreen;
				INFOPLIST_KEY_UISupportedInterfaceOrientations_iPad = "UIInterfaceOrientationPortrait UIInterfaceOrientationPortraitUpsideDown UIInterfaceOrientationLandscapeLeft UIInterfaceOrientationLandscapeRight";
				INFOPLIST_KEY_UISupportedInterfaceOrientations_iPhone = "UIInterfaceOrientationPortrait UIInterfaceOrientationLandscapeLeft UIInterfaceOrientationLandscapeRight";
				LD_RUNPATH_SEARCH_PATHS = (
					"$(inherited)",
					"@executable_path/Frameworks",
				);
				MARKETING_VERSION = 1.0;
				PRODUCT_BUNDLE_IDENTIFIER = dimash.RickAndMorty;
				PRODUCT_NAME = "$(TARGET_NAME)";
				SWIFT_EMIT_LOC_STRINGS = YES;
				SWIFT_VERSION = 5.0;
				TARGETED_DEVICE_FAMILY = "1,2";
			};
			name = Debug;
		};
		1DA49EF429B7A2C30037D410 /* Release */ = {
			isa = XCBuildConfiguration;
			baseConfigurationReference = D3C4B87AD2C989877C6CD7A2 /* Pods-RickAndMorty.release.xcconfig */;
			buildSettings = {
				ASSETCATALOG_COMPILER_APPICON_NAME = AppIcon;
				ASSETCATALOG_COMPILER_GLOBAL_ACCENT_COLOR_NAME = AccentColor;
				CODE_SIGN_STYLE = Automatic;
				CURRENT_PROJECT_VERSION = 1;
				DEVELOPMENT_TEAM = 85NV4V26D2;
				GENERATE_INFOPLIST_FILE = YES;
				INFOPLIST_FILE = RickAndMorty/Info.plist;
				INFOPLIST_KEY_UIApplicationSupportsIndirectInputEvents = YES;
				INFOPLIST_KEY_UILaunchStoryboardName = LaunchScreen;
				INFOPLIST_KEY_UISupportedInterfaceOrientations_iPad = "UIInterfaceOrientationPortrait UIInterfaceOrientationPortraitUpsideDown UIInterfaceOrientationLandscapeLeft UIInterfaceOrientationLandscapeRight";
				INFOPLIST_KEY_UISupportedInterfaceOrientations_iPhone = "UIInterfaceOrientationPortrait UIInterfaceOrientationLandscapeLeft UIInterfaceOrientationLandscapeRight";
				LD_RUNPATH_SEARCH_PATHS = (
					"$(inherited)",
					"@executable_path/Frameworks",
				);
				MARKETING_VERSION = 1.0;
				PRODUCT_BUNDLE_IDENTIFIER = dimash.RickAndMorty;
				PRODUCT_NAME = "$(TARGET_NAME)";
				SWIFT_EMIT_LOC_STRINGS = YES;
				SWIFT_VERSION = 5.0;
				TARGETED_DEVICE_FAMILY = "1,2";
			};
			name = Release;
		};
/* End XCBuildConfiguration section */

/* Begin XCConfigurationList section */
		1DA49ED929B7A2C20037D410 /* Build configuration list for PBXProject "RickAndMorty" */ = {
			isa = XCConfigurationList;
			buildConfigurations = (
				1DA49EF029B7A2C30037D410 /* Debug */,
				1DA49EF129B7A2C30037D410 /* Release */,
			);
			defaultConfigurationIsVisible = 0;
			defaultConfigurationName = Release;
		};
		1DA49EF229B7A2C30037D410 /* Build configuration list for PBXNativeTarget "RickAndMorty" */ = {
			isa = XCConfigurationList;
			buildConfigurations = (
				1DA49EF329B7A2C30037D410 /* Debug */,
				1DA49EF429B7A2C30037D410 /* Release */,
			);
			defaultConfigurationIsVisible = 0;
			defaultConfigurationName = Release;
		};
/* End XCConfigurationList section */
	};
	rootObject = 1DA49ED629B7A2C20037D410 /* Project object */;
}
